{"1.2.0",
[{<<"chumak">>,{pkg,<<"chumak">>,<<"1.3.0">>},0},
 {<<"gpb">>,{pkg,<<"gpb">>,<<"4.16.0">>},0},
 {<<"jsone">>,{pkg,<<"jsone">>,<<"1.5.5">>},0}]}.
[
{pkg_hash,[
 {<<"chumak">>, <<"425E64819F64149122A43090E2C6C4732E042D7DEB1D416BC9F29F4926779768">>},
 {<<"gpb">>, <<"796FDB1FBC793E0AA84F8255FAA25F585FCC25251E56CD2347847D01DAC3A732">>},
 {<<"jsone">>, <<"E88519CA0427C83D0106C773AFA7231429D0221AAE9A4A4B11F9CA73EC18978A">>}]},
{pkg_hash_ext,[
 {<<"chumak">>, <<"0627E692DF7C36B03D4B66949C2B0E83AE51C36D0E2322E7667BED45B2E599F2">>},
 {<<"gpb">>, <<"338CD5A546182D07638C8BBD9CF752B67DFA8DECB7BFD55954E552A6E7A6E085">>},
 {<<"jsone">>, <<"ECB60CBA1323679209686EEB56EB10A57B31CEB601D96840B04D8C6D39FB9CF5">>}]}
].
